
Microsoft Visual Studio Solution File, Format Version 12.00
# Visual Studio Version 17
VisualStudioVersion = 17.14.36414.22
MinimumVisualStudioVersion = 10.0.40219.1
Project("{FAE04EC0-301F-11D3-BF4B-00C04F79EFBC}") = "IDK_Api", "IDK_Api\IDK_Api.csproj", "{E5EEB001-EF67-48BF-962A-DE7C9291695A}"
EndProject
Project("{FAE04EC0-301F-11D3-BF4B-00C04F79EFBC}") = "DataAccess", "DataAccess\DataAccess.csproj", "{3D6C0A39-DC81-4582-B0F2-82AD18B3D6DF}"
EndProject
Project("{FAE04EC0-301F-11D3-BF4B-00C04F79EFBC}") = "BusinessLogic", "BusinessLogic\BusinessLogic.csproj", "{3E97C067-515E-4776-98CC-0BB8E02B1704}"
EndProject
Global
	GlobalSection(SolutionConfigurationPlatforms) = preSolution
		Debug|Any CPU = Debug|Any CPU
		Release|Any CPU = Release|Any CPU
	EndGlobalSection
	GlobalSection(ProjectConfigurationPlatforms) = postSolution
		{E5EEB001-EF67-48BF-962A-DE7C9291695A}.Debug|Any CPU.ActiveCfg = Debug|Any CPU
		{E5EEB001-EF67-48BF-962A-DE7C9291695A}.Debug|Any CPU.Build.0 = Debug|Any CPU
		{E5EEB001-EF67-48BF-962A-DE7C9291695A}.Release|Any CPU.ActiveCfg = Release|Any CPU
		{E5EEB001-EF67-48BF-962A-DE7C9291695A}.Release|Any CPU.Build.0 = Release|Any CPU
		{3D6C0A39-DC81-4582-B0F2-82AD18B3D6DF}.Debug|Any CPU.ActiveCfg = Debug|Any CPU
		{3D6C0A39-DC81-4582-B0F2-82AD18B3D6DF}.Debug|Any CPU.Build.0 = Debug|Any CPU
		{3D6C0A39-DC81-4582-B0F2-82AD18B3D6DF}.Release|Any CPU.ActiveCfg = Release|Any CPU
		{3D6C0A39-DC81-4582-B0F2-82AD18B3D6DF}.Release|Any CPU.Build.0 = Release|Any CPU
		{3E97C067-515E-4776-98CC-0BB8E02B1704}.Debug|Any CPU.ActiveCfg = Debug|Any CPU
		{3E97C067-515E-4776-98CC-0BB8E02B1704}.Debug|Any CPU.Build.0 = Debug|Any CPU
		{3E97C067-515E-4776-98CC-0BB8E02B1704}.Release|Any CPU.ActiveCfg = Release|Any CPU
		{3E97C067-515E-4776-98CC-0BB8E02B1704}.Release|Any CPU.Build.0 = Release|Any CPU
	EndGlobalSection
	GlobalSection(SolutionProperties) = preSolution
		HideSolutionNode = FALSE
	EndGlobalSection
	GlobalSection(ExtensibilityGlobals) = postSolution
		SolutionGuid = {0BF6A5F8-F6EF-486A-BC25-F7A5DB65509D}
	EndGlobalSection
EndGlobal
